
Microsoft Visual Studio Solution File, Format Version 12.00
# Visual Studio Version 17
VisualStudioVersion = 17.9.34622.214
MinimumVisualStudioVersion = 10.0.40219.1
Project("{9092AA53-FB77-4645-B42D-1CCCA6BD08BD}") = "NodejsWebApp1", "NodejsWebApp1.njsproj", "{D241048F-4A2D-4488-8CD1-3BDC89B2B1C5}"
EndProject
Global
	GlobalSection(SolutionConfigurationPlatforms) = preSolution
		Debug|Any CPU = Debug|Any CPU
		Release|Any CPU = Release|Any CPU
	EndGlobalSection
	GlobalSection(ProjectConfigurationPlatforms) = postSolution
		{D241048F-4A2D-4488-8CD1-3BDC89B2B1C5}.Debug|Any CPU.ActiveCfg = Debug|Any CPU
		{D241048F-4A2D-4488-8CD1-3BDC89B2B1C5}.Debug|Any CPU.Build.0 = Debug|Any CPU
		{D241048F-4A2D-4488-8CD1-3BDC89B2B1C5}.Release|Any CPU.ActiveCfg = Release|Any CPU
		{D241048F-4A2D-4488-8CD1-3BDC89B2B1C5}.Release|Any CPU.Build.0 = Release|Any CPU
	EndGlobalSection
	GlobalSection(SolutionProperties) = preSolution
		HideSolutionNode = FALSE
	EndGlobalSection
	GlobalSection(ExtensibilityGlobals) = postSolution
		SolutionGuid = {C6A1AFA3-753E-4A14-962A-B0AD4DCC938B}
	EndGlobalSection
EndGlobal
